
Microsoft Visual Studio Solution File, Format Version 12.00
# Visual Studio Version 17
VisualStudioVersion = 17.14.36518.9 d17.14
MinimumVisualStudioVersion = 10.0.40219.1
Project("{FAE04EC0-301F-11D3-BF4B-00C04F79EFBC}") = "Monitoring", "ConsoleApp5\Monitoring.csproj", "{CCC9D3C1-281C-4F93-83AE-3CAFC99E3B4C}"
EndProject
Global
	GlobalSection(SolutionConfigurationPlatforms) = preSolution
		Debug|Any CPU = Debug|Any CPU
		Release|Any CPU = Release|Any CPU
	EndGlobalSection
	GlobalSection(ProjectConfigurationPlatforms) = postSolution
		{CCC9D3C1-281C-4F93-83AE-3CAFC99E3B4C}.Debug|Any CPU.ActiveCfg = Debug|Any CPU
		{CCC9D3C1-281C-4F93-83AE-3CAFC99E3B4C}.Debug|Any CPU.Build.0 = Debug|Any CPU
		{CCC9D3C1-281C-4F93-83AE-3CAFC99E3B4C}.Release|Any CPU.ActiveCfg = Release|Any CPU
		{CCC9D3C1-281C-4F93-83AE-3CAFC99E3B4C}.Release|Any CPU.Build.0 = Release|Any CPU
	EndGlobalSection
	GlobalSection(SolutionProperties) = preSolution
		HideSolutionNode = FALSE
	EndGlobalSection
	GlobalSection(ExtensibilityGlobals) = postSolution
		SolutionGuid = {F84AC6AA-B565-4C39-AB01-5EEAC8ECB026}
	EndGlobalSection
EndGlobal
